
Microsoft Visual Studio Solution File, Format Version 12.00
# Visual Studio Version 16
VisualStudioVersion = 16.0.29519.181
MinimumVisualStudioVersion = 15.0.26124.0
Project("{9A19103F-16F7-4668-BE54-9A1E7A4F7556}") = "FeatherHttp", "src\FeatherHttp\FeatherHttp.csproj", "{9E960315-5E4B-48E9-915D-FECCFA14339C}"
EndProject
Project("{2150E333-8FDC-42A3-9474-1A3956D46DE8}") = "samples", "samples", "{02BCB8F9-6CEB-47F8-AA5F-644284F93D8F}"
EndProject
Project("{9A19103F-16F7-4668-BE54-9A1E7A4F7556}") = "HelloWorld", "samples\HelloWorld\HelloWorld.csproj", "{28E48980-500A-4365-8CDE-6E674A78B9BD}"
EndProject
Project("{9A19103F-16F7-4668-BE54-9A1E7A4F7556}") = "AspNetControllers", "samples\AspNetControllers\AspNetControllers.csproj", "{9F2057D9-4DB4-4CAA-B2A4-3F43676599B2}"
EndProject
Project("{9A19103F-16F7-4668-BE54-9A1E7A4F7556}") = "CarterSample", "samples\CarterSample\CarterSample.csproj", "{B2AEC5FA-A230-4D60-A590-EBED143B171F}"
EndProject
Project("{9A19103F-16F7-4668-BE54-9A1E7A4F7556}") = "SignalRServer", "samples\SignalRServer\SignalRServer.csproj", "{F8F75378-9497-4238-93D6-47AA7D6014F5}"
EndProject
Project("{9A19103F-16F7-4668-BE54-9A1E7A4F7556}") = "SignalRClient", "samples\SignalRClient\SignalRClient.csproj", "{3CFFFEB1-0560-4055-89E8-49610A2E6495}"
EndProject
Project("{9A19103F-16F7-4668-BE54-9A1E7A4F7556}") = "GRPC", "samples\GRPC\GRPC.csproj", "{EAF74D3D-7445-4B56-9063-E8B8664D64F0}"
EndProject
Project("{9A19103F-16F7-4668-BE54-9A1E7A4F7556}") = "GRPCClient", "samples\GRPCClient\GRPCClient.csproj", "{CF05B330-378E-46B6-B4CE-6B77B10A9D16}"
EndProject
Project("{9A19103F-16F7-4668-BE54-9A1E7A4F7556}") = "Uber", "samples\Uber\Uber.csproj", "{A0B2F580-93E6-4404-AD2A-571271340F9C}"
EndProject
Project("{2150E333-8FDC-42A3-9474-1A3956D46DE8}") = "Solution Items", "Solution Items", "{87751FDE-47B7-44C3-8CD1-AC1816808485}"
	ProjectSection(SolutionItems) = preProject
		README.md = README.md
	EndProjectSection
EndProject
Global
	GlobalSection(SolutionConfigurationPlatforms) = preSolution
		Debug|Any CPU = Debug|Any CPU
		Debug|x64 = Debug|x64
		Debug|x86 = Debug|x86
		Release|Any CPU = Release|Any CPU
		Release|x64 = Release|x64
		Release|x86 = Release|x86
	EndGlobalSection
	GlobalSection(ProjectConfigurationPlatforms) = postSolution
		{9E960315-5E4B-48E9-915D-FECCFA14339C}.Debug|Any CPU.ActiveCfg = Debug|Any CPU
		{9E960315-5E4B-48E9-915D-FECCFA14339C}.Debug|Any CPU.Build.0 = Debug|Any CPU
		{9E960315-5E4B-48E9-915D-FECCFA14339C}.Debug|x64.ActiveCfg = Debug|Any CPU
		{9E960315-5E4B-48E9-915D-FECCFA14339C}.Debug|x64.Build.0 = Debug|Any CPU
		{9E960315-5E4B-48E9-915D-FECCFA14339C}.Debug|x86.ActiveCfg = Debug|Any CPU
		{9E960315-5E4B-48E9-915D-FECCFA14339C}.Debug|x86.Build.0 = Debug|Any CPU
		{9E960315-5E4B-48E9-915D-FECCFA14339C}.Release|Any CPU.ActiveCfg = Release|Any CPU
		{9E960315-5E4B-48E9-915D-FECCFA14339C}.Release|Any CPU.Build.0 = Release|Any CPU
		{9E960315-5E4B-48E9-915D-FECCFA14339C}.Release|x64.ActiveCfg = Release|Any CPU
		{9E960315-5E4B-48E9-915D-FECCFA14339C}.Release|x64.Build.0 = Release|Any CPU
		{9E960315-5E4B-48E9-915D-FECCFA14339C}.Release|x86.ActiveCfg = Release|Any CPU
		{9E960315-5E4B-48E9-915D-FECCFA14339C}.Release|x86.Build.0 = Release|Any CPU
		{28E48980-500A-4365-8CDE-6E674A78B9BD}.Debug|Any CPU.ActiveCfg = Debug|Any CPU
		{28E48980-500A-4365-8CDE-6E674A78B9BD}.Debug|Any CPU.Build.0 = Debug|Any CPU
		{28E48980-500A-4365-8CDE-6E674A78B9BD}.Debug|x64.ActiveCfg = Debug|Any CPU
		{28E48980-500A-4365-8CDE-6E674A78B9BD}.Debug|x64.Build.0 = Debug|Any CPU
		{28E48980-500A-4365-8CDE-6E674A78B9BD}.Debug|x86.ActiveCfg = Debug|Any CPU
		{28E48980-500A-4365-8CDE-6E674A78B9BD}.Debug|x86.Build.0 = Debug|Any CPU
		{28E48980-500A-4365-8CDE-6E674A78B9BD}.Release|Any CPU.ActiveCfg = Release|Any CPU
		{28E48980-500A-4365-8CDE-6E674A78B9BD}.Release|Any CPU.Build.0 = Release|Any CPU
		{28E48980-500A-4365-8CDE-6E674A78B9BD}.Release|x64.ActiveCfg = Release|Any CPU
		{28E48980-500A-4365-8CDE-6E674A78B9BD}.Release|x64.Build.0 = Release|Any CPU
		{28E48980-500A-4365-8CDE-6E674A78B9BD}.Release|x86.ActiveCfg = Release|Any CPU
		{28E48980-500A-4365-8CDE-6E674A78B9BD}.Release|x86.Build.0 = Release|Any CPU
		{9F2057D9-4DB4-4CAA-B2A4-3F43676599B2}.Debug|Any CPU.ActiveCfg = Debug|Any CPU
		{9F2057D9-4DB4-4CAA-B2A4-3F43676599B2}.Debug|Any CPU.Build.0 = Debug|Any CPU
		{9F2057D9-4DB4-4CAA-B2A4-3F43676599B2}.Debug|x64.ActiveCfg = Debug|Any CPU
		{9F2057D9-4DB4-4CAA-B2A4-3F43676599B2}.Debug|x64.Build.0 = Debug|Any CPU
		{9F2057D9-4DB4-4CAA-B2A4-3F43676599B2}.Debug|x86.ActiveCfg = Debug|Any CPU
		{9F2057D9-4DB4-4CAA-B2A4-3F43676599B2}.Debug|x86.Build.0 = Debug|Any CPU
		{9F2057D9-4DB4-4CAA-B2A4-3F43676599B2}.Release|Any CPU.ActiveCfg = Release|Any CPU
		{9F2057D9-4DB4-4CAA-B2A4-3F43676599B2}.Release|Any CPU.Build.0 = Release|Any CPU
		{9F2057D9-4DB4-4CAA-B2A4-3F43676599B2}.Release|x64.ActiveCfg = Release|Any CPU
		{9F2057D9-4DB4-4CAA-B2A4-3F43676599B2}.Release|x64.Build.0 = Release|Any CPU
		{9F2057D9-4DB4-4CAA-B2A4-3F43676599B2}.Release|x86.ActiveCfg = Release|Any CPU
		{9F2057D9-4DB4-4CAA-B2A4-3F43676599B2}.Release|x86.Build.0 = Release|Any CPU
		{B2AEC5FA-A230-4D60-A590-EBED143B171F}.Debug|Any CPU.ActiveCfg = Debug|Any CPU
		{B2AEC5FA-A230-4D60-A590-EBED143B171F}.Debug|Any CPU.Build.0 = Debug|Any CPU
		{B2AEC5FA-A230-4D60-A590-EBED143B171F}.Debug|x64.ActiveCfg = Debug|Any CPU
		{B2AEC5FA-A230-4D60-A590-EBED143B171F}.Debug|x64.Build.0 = Debug|Any CPU
		{B2AEC5FA-A230-4D60-A590-EBED143B171F}.Debug|x86.ActiveCfg = Debug|Any CPU
		{B2AEC5FA-A230-4D60-A590-EBED143B171F}.Debug|x86.Build.0 = Debug|Any CPU
		{B2AEC5FA-A230-4D60-A590-EBED143B171F}.Release|Any CPU.ActiveCfg = Release|Any CPU
		{B2AEC5FA-A230-4D60-A590-EBED143B171F}.Release|Any CPU.Build.0 = Release|Any CPU
		{B2AEC5FA-A230-4D60-A590-EBED143B171F}.Release|x64.ActiveCfg = Release|Any CPU
		{B2AEC5FA-A230-4D60-A590-EBED143B171F}.Release|x64.Build.0 = Release|Any CPU
		{B2AEC5FA-A230-4D60-A590-EBED143B171F}.Release|x86.ActiveCfg = Release|Any CPU
		{B2AEC5FA-A230-4D60-A590-EBED143B171F}.Release|x86.Build.0 = Release|Any CPU
		{F8F75378-9497-4238-93D6-47AA7D6014F5}.Debug|Any CPU.ActiveCfg = Debug|Any CPU
		{F8F75378-9497-4238-93D6-47AA7D6014F5}.Debug|Any CPU.Build.0 = Debug|Any CPU
		{F8F75378-9497-4238-93D6-47AA7D6014F5}.Debug|x64.ActiveCfg = Debug|Any CPU
		{F8F75378-9497-4238-93D6-47AA7D6014F5}.Debug|x64.Build.0 = Debug|Any CPU
		{F8F75378-9497-4238-93D6-47AA7D6014F5}.Debug|x86.ActiveCfg = Debug|Any CPU
		{F8F75378-9497-4238-93D6-47AA7D6014F5}.Debug|x86.Build.0 = Debug|Any CPU
		{F8F75378-9497-4238-93D6-47AA7D6014F5}.Release|Any CPU.ActiveCfg = Release|Any CPU
		{F8F75378-9497-4238-93D6-47AA7D6014F5}.Release|Any CPU.Build.0 = Release|Any CPU
		{F8F75378-9497-4238-93D6-47AA7D6014F5}.Release|x64.ActiveCfg = Release|Any CPU
		{F8F75378-9497-4238-93D6-47AA7D6014F5}.Release|x64.Build.0 = Release|Any CPU
		{F8F75378-9497-4238-93D6-47AA7D6014F5}.Release|x86.ActiveCfg = Release|Any CPU
		{F8F75378-9497-4238-93D6-47AA7D6014F5}.Release|x86.Build.0 = Release|Any CPU
		{3CFFFEB1-0560-4055-89E8-49610A2E6495}.Debug|Any CPU.ActiveCfg = Debug|Any CPU
		{3CFFFEB1-0560-4055-89E8-49610A2E6495}.Debug|Any CPU.Build.0 = Debug|Any CPU
		{3CFFFEB1-0560-4055-89E8-49610A2E6495}.Debug|x64.ActiveCfg = Debug|Any CPU
		{3CFFFEB1-0560-4055-89E8-49610A2E6495}.Debug|x64.Build.0 = Debug|Any CPU
		{3CFFFEB1-0560-4055-89E8-49610A2E6495}.Debug|x86.ActiveCfg = Debug|Any CPU
		{3CFFFEB1-0560-4055-89E8-49610A2E6495}.Debug|x86.Build.0 = Debug|Any CPU
		{3CFFFEB1-0560-4055-89E8-49610A2E6495}.Release|Any CPU.ActiveCfg = Release|Any CPU
		{3CFFFEB1-0560-4055-89E8-49610A2E6495}.Release|Any CPU.Build.0 = Release|Any CPU
		{3CFFFEB1-0560-4055-89E8-49610A2E6495}.Release|x64.ActiveCfg = Release|Any CPU
		{3CFFFEB1-0560-4055-89E8-49610A2E6495}.Release|x64.Build.0 = Release|Any CPU
		{3CFFFEB1-0560-4055-89E8-49610A2E6495}.Release|x86.ActiveCfg = Release|Any CPU
		{3CFFFEB1-0560-4055-89E8-49610A2E6495}.Release|x86.Build.0 = Release|Any CPU
		{EAF74D3D-7445-4B56-9063-E8B8664D64F0}.Debug|Any CPU.ActiveCfg = Debug|Any CPU
		{EAF74D3D-7445-4B56-9063-E8B8664D64F0}.Debug|Any CPU.Build.0 = Debug|Any CPU
		{EAF74D3D-7445-4B56-9063-E8B8664D64F0}.Debug|x64.ActiveCfg = Debug|Any CPU
		{EAF74D3D-7445-4B56-9063-E8B8664D64F0}.Debug|x64.Build.0 = Debug|Any CPU
		{EAF74D3D-7445-4B56-9063-E8B8664D64F0}.Debug|x86.ActiveCfg = Debug|Any CPU
		{EAF74D3D-7445-4B56-9063-E8B8664D64F0}.Debug|x86.Build.0 = Debug|Any CPU
		{EAF74D3D-7445-4B56-9063-E8B8664D64F0}.Release|Any CPU.ActiveCfg = Release|Any CPU
		{EAF74D3D-7445-4B56-9063-E8B8664D64F0}.Release|Any CPU.Build.0 = Release|Any CPU
		{EAF74D3D-7445-4B56-9063-E8B8664D64F0}.Release|x64.ActiveCfg = Release|Any CPU
		{EAF74D3D-7445-4B56-9063-E8B8664D64F0}.Release|x64.Build.0 = Release|Any CPU
		{EAF74D3D-7445-4B56-9063-E8B8664D64F0}.Release|x86.ActiveCfg = Release|Any CPU
		{EAF74D3D-7445-4B56-9063-E8B8664D64F0}.Release|x86.Build.0 = Release|Any CPU
		{CF05B330-378E-46B6-B4CE-6B77B10A9D16}.Debug|Any CPU.ActiveCfg = Debug|Any CPU
		{CF05B330-378E-46B6-B4CE-6B77B10A9D16}.Debug|Any CPU.Build.0 = Debug|Any CPU
		{CF05B330-378E-46B6-B4CE-6B77B10A9D16}.Debug|x64.ActiveCfg = Debug|Any CPU
		{CF05B330-378E-46B6-B4CE-6B77B10A9D16}.Debug|x64.Build.0 = Debug|Any CPU
		{CF05B330-378E-46B6-B4CE-6B77B10A9D16}.Debug|x86.ActiveCfg = Debug|Any CPU
		{CF05B330-378E-46B6-B4CE-6B77B10A9D16}.Debug|x86.Build.0 = Debug|Any CPU
		{CF05B330-378E-46B6-B4CE-6B77B10A9D16}.Release|Any CPU.ActiveCfg = Release|Any CPU
		{CF05B330-378E-46B6-B4CE-6B77B10A9D16}.Release|Any CPU.Build.0 = Release|Any CPU
		{CF05B330-378E-46B6-B4CE-6B77B10A9D16}.Release|x64.ActiveCfg = Release|Any CPU
		{CF05B330-378E-46B6-B4CE-6B77B10A9D16}.Release|x64.Build.0 = Release|Any CPU
		{CF05B330-378E-46B6-B4CE-6B77B10A9D16}.Release|x86.ActiveCfg = Release|Any CPU
		{CF05B330-378E-46B6-B4CE-6B77B10A9D16}.Release|x86.Build.0 = Release|Any CPU
		{A0B2F580-93E6-4404-AD2A-571271340F9C}.Debug|Any CPU.ActiveCfg = Debug|Any CPU
		{A0B2F580-93E6-4404-AD2A-571271340F9C}.Debug|Any CPU.Build.0 = Debug|Any CPU
		{A0B2F580-93E6-4404-AD2A-571271340F9C}.Debug|x64.ActiveCfg = Debug|Any CPU
		{A0B2F580-93E6-4404-AD2A-571271340F9C}.Debug|x64.Build.0 = Debug|Any CPU
		{A0B2F580-93E6-4404-AD2A-571271340F9C}.Debug|x86.ActiveCfg = Debug|Any CPU
		{A0B2F580-93E6-4404-AD2A-571271340F9C}.Debug|x86.Build.0 = Debug|Any CPU
		{A0B2F580-93E6-4404-AD2A-571271340F9C}.Release|Any CPU.ActiveCfg = Release|Any CPU
		{A0B2F580-93E6-4404-AD2A-571271340F9C}.Release|Any CPU.Build.0 = Release|Any CPU
		{A0B2F580-93E6-4404-AD2A-571271340F9C}.Release|x64.ActiveCfg = Release|Any CPU
		{A0B2F580-93E6-4404-AD2A-571271340F9C}.Release|x64.Build.0 = Release|Any CPU
		{A0B2F580-93E6-4404-AD2A-571271340F9C}.Release|x86.ActiveCfg = Release|Any CPU
		{A0B2F580-93E6-4404-AD2A-571271340F9C}.Release|x86.Build.0 = Release|Any CPU
	EndGlobalSection
	GlobalSection(SolutionProperties) = preSolution
		HideSolutionNode = FALSE
	EndGlobalSection
	GlobalSection(NestedProjects) = preSolution
		{28E48980-500A-4365-8CDE-6E674A78B9BD} = {02BCB8F9-6CEB-47F8-AA5F-644284F93D8F}
		{9F2057D9-4DB4-4CAA-B2A4-3F43676599B2} = {02BCB8F9-6CEB-47F8-AA5F-644284F93D8F}
		{B2AEC5FA-A230-4D60-A590-EBED143B171F} = {02BCB8F9-6CEB-47F8-AA5F-644284F93D8F}
		{F8F75378-9497-4238-93D6-47AA7D6014F5} = {02BCB8F9-6CEB-47F8-AA5F-644284F93D8F}
		{3CFFFEB1-0560-4055-89E8-49610A2E6495} = {02BCB8F9-6CEB-47F8-AA5F-644284F93D8F}
		{EAF74D3D-7445-4B56-9063-E8B8664D64F0} = {02BCB8F9-6CEB-47F8-AA5F-644284F93D8F}
		{CF05B330-378E-46B6-B4CE-6B77B10A9D16} = {02BCB8F9-6CEB-47F8-AA5F-644284F93D8F}
		{A0B2F580-93E6-4404-AD2A-571271340F9C} = {02BCB8F9-6CEB-47F8-AA5F-644284F93D8F}
	EndGlobalSection
	GlobalSection(ExtensibilityGlobals) = postSolution
		SolutionGuid = {FEF71547-9F12-42D5-9D50-602DA5071F3F}
	EndGlobalSection
EndGlobal
